
Microsoft Visual Studio Solution File, Format Version 12.00
# Visual Studio Version 16
VisualStudioVersion = 16.0.31129.286
MinimumVisualStudioVersion = 10.0.40219.1
Project("{FAE04EC0-301F-11D3-BF4B-00C04F79EFBC}") = "DecisionMaking", "DecisionMaking\DecisionMaking.csproj", "{F16902C0-49EB-4273-92C1-542423EA945F}"
EndProject
Global
	GlobalSection(SolutionConfigurationPlatforms) = preSolution
		Debug|Any CPU = Debug|Any CPU
		Release|Any CPU = Release|Any CPU
	EndGlobalSection
	GlobalSection(ProjectConfigurationPlatforms) = postSolution
		{F16902C0-49EB-4273-92C1-542423EA945F}.Debug|Any CPU.ActiveCfg = Debug|Any CPU
		{F16902C0-49EB-4273-92C1-542423EA945F}.Debug|Any CPU.Build.0 = Debug|Any CPU
		{F16902C0-49EB-4273-92C1-542423EA945F}.Release|Any CPU.ActiveCfg = Release|Any CPU
		{F16902C0-49EB-4273-92C1-542423EA945F}.Release|Any CPU.Build.0 = Release|Any CPU
	EndGlobalSection
	GlobalSection(SolutionProperties) = preSolution
		HideSolutionNode = FALSE
	EndGlobalSection
	GlobalSection(ExtensibilityGlobals) = postSolution
		SolutionGuid = {6F9B2644-BB34-49AB-B05C-5B103E428B95}
	EndGlobalSection
EndGlobal
